
Microsoft Visual Studio Solution File, Format Version 12.00
# Visual Studio Version 17
VisualStudioVersion = 17.8.34330.188
MinimumVisualStudioVersion = 10.0.40219.1
Project("{FAE04EC0-301F-11D3-BF4B-00C04F79EFBC}") = "signApi", "signApi.csproj", "{7BC00757-1CEF-4E7B-A091-A9A2C2AF14E5}"
EndProject
Global
	GlobalSection(SolutionConfigurationPlatforms) = preSolution
		Debug|Any CPU = Debug|Any CPU
		Release|Any CPU = Release|Any CPU
	EndGlobalSection
	GlobalSection(ProjectConfigurationPlatforms) = postSolution
		{7BC00757-1CEF-4E7B-A091-A9A2C2AF14E5}.Debug|Any CPU.ActiveCfg = Debug|Any CPU
		{7BC00757-1CEF-4E7B-A091-A9A2C2AF14E5}.Debug|Any CPU.Build.0 = Debug|Any CPU
		{7BC00757-1CEF-4E7B-A091-A9A2C2AF14E5}.Release|Any CPU.ActiveCfg = Release|Any CPU
		{7BC00757-1CEF-4E7B-A091-A9A2C2AF14E5}.Release|Any CPU.Build.0 = Release|Any CPU
	EndGlobalSection
	GlobalSection(SolutionProperties) = preSolution
		HideSolutionNode = FALSE
	EndGlobalSection
	GlobalSection(ExtensibilityGlobals) = postSolution
		SolutionGuid = {EFB54CC0-1CAD-4C42-B1A4-0A5098E1843B}
	EndGlobalSection
EndGlobal
